
Microsoft Visual Studio Solution File, Format Version 12.00
# Visual Studio Version 17
VisualStudioVersion = 17.1.32328.378
MinimumVisualStudioVersion = 10.0.40219.1
Project("{9A19103F-16F7-4668-BE54-9A1E7A4F7556}") = "MovieCritters.MVC", "src\web\MovieCritters.MVC\MovieCritters.MVC.csproj", "{F899FAD1-23DD-41B6-95DB-54D0B57553EF}"
EndProject
Project("{2150E333-8FDC-42A3-9474-1A3956D46DE8}") = "src", "src", "{92891D48-AE07-4FA8-A604-840558FE8792}"
EndProject
Project("{2150E333-8FDC-42A3-9474-1A3956D46DE8}") = "web", "web", "{21A16B1E-BB41-4706-9962-A47DAE9ED3B2}"
EndProject
Project("{9A19103F-16F7-4668-BE54-9A1E7A4F7556}") = "MovieCritters.Domain", "src\services\MovieCritters.Domain\MovieCritters.Domain.csproj", "{F8A1D681-9F5D-444D-8AAA-605345F956F5}"
EndProject
Project("{2150E333-8FDC-42A3-9474-1A3956D46DE8}") = "services", "services", "{984739D0-294E-4256-88EE-E6993F08D543}"
EndProject
Project("{FAE04EC0-301F-11D3-BF4B-00C04F79EFBC}") = "MovieCritters.API", "MovieCritters.API\MovieCritters.API.csproj", "{5D2E527D-653E-4B63-AB38-B9E56B941EA4}"
EndProject
Global
	GlobalSection(SolutionConfigurationPlatforms) = preSolution
		Debug|Any CPU = Debug|Any CPU
		Release|Any CPU = Release|Any CPU
	EndGlobalSection
	GlobalSection(ProjectConfigurationPlatforms) = postSolution
		{F899FAD1-23DD-41B6-95DB-54D0B57553EF}.Debug|Any CPU.ActiveCfg = Debug|Any CPU
		{F899FAD1-23DD-41B6-95DB-54D0B57553EF}.Debug|Any CPU.Build.0 = Debug|Any CPU
		{F899FAD1-23DD-41B6-95DB-54D0B57553EF}.Release|Any CPU.ActiveCfg = Release|Any CPU
		{F899FAD1-23DD-41B6-95DB-54D0B57553EF}.Release|Any CPU.Build.0 = Release|Any CPU
		{F8A1D681-9F5D-444D-8AAA-605345F956F5}.Debug|Any CPU.ActiveCfg = Debug|Any CPU
		{F8A1D681-9F5D-444D-8AAA-605345F956F5}.Debug|Any CPU.Build.0 = Debug|Any CPU
		{F8A1D681-9F5D-444D-8AAA-605345F956F5}.Release|Any CPU.ActiveCfg = Release|Any CPU
		{F8A1D681-9F5D-444D-8AAA-605345F956F5}.Release|Any CPU.Build.0 = Release|Any CPU
		{5D2E527D-653E-4B63-AB38-B9E56B941EA4}.Debug|Any CPU.ActiveCfg = Debug|Any CPU
		{5D2E527D-653E-4B63-AB38-B9E56B941EA4}.Debug|Any CPU.Build.0 = Debug|Any CPU
		{5D2E527D-653E-4B63-AB38-B9E56B941EA4}.Release|Any CPU.ActiveCfg = Release|Any CPU
		{5D2E527D-653E-4B63-AB38-B9E56B941EA4}.Release|Any CPU.Build.0 = Release|Any CPU
	EndGlobalSection
	GlobalSection(SolutionProperties) = preSolution
		HideSolutionNode = FALSE
	EndGlobalSection
	GlobalSection(NestedProjects) = preSolution
		{F899FAD1-23DD-41B6-95DB-54D0B57553EF} = {21A16B1E-BB41-4706-9962-A47DAE9ED3B2}
		{21A16B1E-BB41-4706-9962-A47DAE9ED3B2} = {92891D48-AE07-4FA8-A604-840558FE8792}
		{F8A1D681-9F5D-444D-8AAA-605345F956F5} = {984739D0-294E-4256-88EE-E6993F08D543}
		{984739D0-294E-4256-88EE-E6993F08D543} = {92891D48-AE07-4FA8-A604-840558FE8792}
		{5D2E527D-653E-4B63-AB38-B9E56B941EA4} = {984739D0-294E-4256-88EE-E6993F08D543}
	EndGlobalSection
	GlobalSection(ExtensibilityGlobals) = postSolution
		SolutionGuid = {B15D4B0F-2730-46CE-97F4-C4BB38627706}
	EndGlobalSection
EndGlobal
