
Microsoft Visual Studio Solution File, Format Version 12.00
# Visual Studio Version 17
VisualStudioVersion = 17.1.32328.378
MinimumVisualStudioVersion = 10.0.40219.1
Project("{9A19103F-16F7-4668-BE54-9A1E7A4F7556}") = "MovieCritters.MVC", "src\web\MovieCritters.MVC\MovieCritters.MVC.csproj", "{F899FAD1-23DD-41B6-95DB-54D0B57553EF}"
EndProject
Project("{2150E333-8FDC-42A3-9474-1A3956D46DE8}") = "src", "src", "{92891D48-AE07-4FA8-A604-840558FE8792}"
EndProject
Project("{2150E333-8FDC-42A3-9474-1A3956D46DE8}") = "web", "web", "{21A16B1E-BB41-4706-9962-A47DAE9ED3B2}"
EndProject
Project("{9A19103F-16F7-4668-BE54-9A1E7A4F7556}") = "MovieCritters.Domain", "src\services\MovieCritters.Domain\MovieCritters.Domain.csproj", "{F8A1D681-9F5D-444D-8AAA-605345F956F5}"
EndProject
Project("{2150E333-8FDC-42A3-9474-1A3956D46DE8}") = "services", "services", "{984739D0-294E-4256-88EE-E6993F08D543}"
EndProject
Project("{9A19103F-16F7-4668-BE54-9A1E7A4F7556}") = "MovieCritters.API", "src\services\MovieCritters.API\MovieCritters.API.csproj", "{8B2CB370-6562-4C52-BD48-EF6F357F492E}"
EndProject
Project("{9A19103F-16F7-4668-BE54-9A1E7A4F7556}") = "MovieCritters.Application", "src\services\MovieCritters.Application\MovieCritters.Application.csproj", "{7B51C869-153B-41F1-B656-602BB5B4F115}"
EndProject
Project("{9A19103F-16F7-4668-BE54-9A1E7A4F7556}") = "MovieCritters.Infrastructure", "src\services\MovieCritters.Infrastructure\MovieCritters.Infrastructure.csproj", "{E2F5980C-4581-482D-A9D1-F646F2918279}"
EndProject
Global
	GlobalSection(SolutionConfigurationPlatforms) = preSolution
		Debug|Any CPU = Debug|Any CPU
		Release|Any CPU = Release|Any CPU
	EndGlobalSection
	GlobalSection(ProjectConfigurationPlatforms) = postSolution
		{F899FAD1-23DD-41B6-95DB-54D0B57553EF}.Debug|Any CPU.ActiveCfg = Debug|Any CPU
		{F899FAD1-23DD-41B6-95DB-54D0B57553EF}.Debug|Any CPU.Build.0 = Debug|Any CPU
		{F899FAD1-23DD-41B6-95DB-54D0B57553EF}.Release|Any CPU.ActiveCfg = Release|Any CPU
		{F899FAD1-23DD-41B6-95DB-54D0B57553EF}.Release|Any CPU.Build.0 = Release|Any CPU
		{F8A1D681-9F5D-444D-8AAA-605345F956F5}.Debug|Any CPU.ActiveCfg = Debug|Any CPU
		{F8A1D681-9F5D-444D-8AAA-605345F956F5}.Debug|Any CPU.Build.0 = Debug|Any CPU
		{F8A1D681-9F5D-444D-8AAA-605345F956F5}.Release|Any CPU.ActiveCfg = Release|Any CPU
		{F8A1D681-9F5D-444D-8AAA-605345F956F5}.Release|Any CPU.Build.0 = Release|Any CPU
		{8B2CB370-6562-4C52-BD48-EF6F357F492E}.Debug|Any CPU.ActiveCfg = Debug|Any CPU
		{8B2CB370-6562-4C52-BD48-EF6F357F492E}.Debug|Any CPU.Build.0 = Debug|Any CPU
		{8B2CB370-6562-4C52-BD48-EF6F357F492E}.Release|Any CPU.ActiveCfg = Release|Any CPU
		{8B2CB370-6562-4C52-BD48-EF6F357F492E}.Release|Any CPU.Build.0 = Release|Any CPU
		{7B51C869-153B-41F1-B656-602BB5B4F115}.Debug|Any CPU.ActiveCfg = Debug|Any CPU
		{7B51C869-153B-41F1-B656-602BB5B4F115}.Debug|Any CPU.Build.0 = Debug|Any CPU
		{7B51C869-153B-41F1-B656-602BB5B4F115}.Release|Any CPU.ActiveCfg = Release|Any CPU
		{7B51C869-153B-41F1-B656-602BB5B4F115}.Release|Any CPU.Build.0 = Release|Any CPU
		{E2F5980C-4581-482D-A9D1-F646F2918279}.Debug|Any CPU.ActiveCfg = Debug|Any CPU
		{E2F5980C-4581-482D-A9D1-F646F2918279}.Debug|Any CPU.Build.0 = Debug|Any CPU
		{E2F5980C-4581-482D-A9D1-F646F2918279}.Release|Any CPU.ActiveCfg = Release|Any CPU
		{E2F5980C-4581-482D-A9D1-F646F2918279}.Release|Any CPU.Build.0 = Release|Any CPU
	EndGlobalSection
	GlobalSection(SolutionProperties) = preSolution
		HideSolutionNode = FALSE
	EndGlobalSection
	GlobalSection(NestedProjects) = preSolution
		{F899FAD1-23DD-41B6-95DB-54D0B57553EF} = {21A16B1E-BB41-4706-9962-A47DAE9ED3B2}
		{21A16B1E-BB41-4706-9962-A47DAE9ED3B2} = {92891D48-AE07-4FA8-A604-840558FE8792}
		{F8A1D681-9F5D-444D-8AAA-605345F956F5} = {984739D0-294E-4256-88EE-E6993F08D543}
		{984739D0-294E-4256-88EE-E6993F08D543} = {92891D48-AE07-4FA8-A604-840558FE8792}
		{8B2CB370-6562-4C52-BD48-EF6F357F492E} = {984739D0-294E-4256-88EE-E6993F08D543}
		{7B51C869-153B-41F1-B656-602BB5B4F115} = {984739D0-294E-4256-88EE-E6993F08D543}
		{E2F5980C-4581-482D-A9D1-F646F2918279} = {984739D0-294E-4256-88EE-E6993F08D543}
	EndGlobalSection
	GlobalSection(ExtensibilityGlobals) = postSolution
		SolutionGuid = {B15D4B0F-2730-46CE-97F4-C4BB38627706}
	EndGlobalSection
EndGlobal
